// !$*UTF8*$!
{
	archiveVersion = 1;
	classes = {
	};
	objectVersion = 56;
	objects = {

/* Begin PBXBuildFile section */
		0599198329EF8E4E00940446 /* AppDelegate.swift in Sources */ = {isa = PBXBuildFile; fileRef = 0599198229EF8E4E00940446 /* AppDelegate.swift */; };
		0599198529EF8E4E00940446 /* SceneDelegate.swift in Sources */ = {isa = PBXBuildFile; fileRef = 0599198429EF8E4E00940446 /* SceneDelegate.swift */; };
		0599198729EF8E4E00940446 /* ViewController.swift in Sources */ = {isa = PBXBuildFile; fileRef = 0599198629EF8E4E00940446 /* ViewController.swift */; };
		0599198A29EF8E4E00940446 /* Main.storyboard in Resources */ = {isa = PBXBuildFile; fileRef = 0599198829EF8E4E00940446 /* Main.storyboard */; };
		0599198D29EF8E4E00940446 /* iosTrainingGL.xcdatamodeld in Sources */ = {isa = PBXBuildFile; fileRef = 0599198B29EF8E4E00940446 /* iosTrainingGL.xcdatamodeld */; };
		0599198F29EF8E5000940446 /* Assets.xcassets in Resources */ = {isa = PBXBuildFile; fileRef = 0599198E29EF8E5000940446 /* Assets.xcassets */; };
		0599199229EF8E5000940446 /* LaunchScreen.storyboard in Resources */ = {isa = PBXBuildFile; fileRef = 0599199029EF8E5000940446 /* LaunchScreen.storyboard */; };
		0599199B29EFA04400940446 /* LoginViewController.swift in Sources */ = {isa = PBXBuildFile; fileRef = 0599199A29EFA04400940446 /* LoginViewController.swift */; };
		0599199F29EFA14400940446 /* RegisterViewController.swift in Sources */ = {isa = PBXBuildFile; fileRef = 0599199E29EFA14400940446 /* RegisterViewController.swift */; };
		059919A129EFD04300940446 /* HomeViewController.swift in Sources */ = {isa = PBXBuildFile; fileRef = 059919A029EFD04300940446 /* HomeViewController.swift */; };
		059919A329EFD3E400940446 /* AssistantTableViewCell.swift in Sources */ = {isa = PBXBuildFile; fileRef = 059919A229EFD3E400940446 /* AssistantTableViewCell.swift */; };
/* End PBXBuildFile section */

/* Begin PBXFileReference section */
		0599197F29EF8E4E00940446 /* iosTrainingGL.app */ = {isa = PBXFileReference; explicitFileType = wrapper.application; includeInIndex = 0; path = iosTrainingGL.app; sourceTree = BUILT_PRODUCTS_DIR; };
		0599198229EF8E4E00940446 /* AppDelegate.swift */ = {isa = PBXFileReference; lastKnownFileType = sourcecode.swift; path = AppDelegate.swift; sourceTree = "<group>"; };
		0599198429EF8E4E00940446 /* SceneDelegate.swift */ = {isa = PBXFileReference; lastKnownFileType = sourcecode.swift; path = SceneDelegate.swift; sourceTree = "<group>"; };
		0599198629EF8E4E00940446 /* ViewController.swift */ = {isa = PBXFileReference; lastKnownFileType = sourcecode.swift; path = ViewController.swift; sourceTree = "<group>"; };
		0599198929EF8E4E00940446 /* Base */ = {isa = PBXFileReference; lastKnownFileType = file.storyboard; name = Base; path = Base.lproj/Main.storyboard; sourceTree = "<group>"; };
		0599198C29EF8E4E00940446 /* iosTrainingGL.xcdatamodel */ = {isa = PBXFileReference; lastKnownFileType = wrapper.xcdatamodel; path = iosTrainingGL.xcdatamodel; sourceTree = "<group>"; };
		0599198E29EF8E5000940446 /* Assets.xcassets */ = {isa = PBXFileReference; lastKnownFileType = folder.assetcatalog; path = Assets.xcassets; sourceTree = "<group>"; };
		0599199129EF8E5000940446 /* Base */ = {isa = PBXFileReference; lastKnownFileType = file.storyboard; name = Base; path = Base.lproj/LaunchScreen.storyboard; sourceTree = "<group>"; };
		0599199329EF8E5000940446 /* Info.plist */ = {isa = PBXFileReference; lastKnownFileType = text.plist.xml; path = Info.plist; sourceTree = "<group>"; };
		0599199A29EFA04400940446 /* LoginViewController.swift */ = {isa = PBXFileReference; lastKnownFileType = sourcecode.swift; path = LoginViewController.swift; sourceTree = "<group>"; };
		0599199E29EFA14400940446 /* RegisterViewController.swift */ = {isa = PBXFileReference; lastKnownFileType = sourcecode.swift; path = RegisterViewController.swift; sourceTree = "<group>"; };
		059919A029EFD04300940446 /* HomeViewController.swift */ = {isa = PBXFileReference; lastKnownFileType = sourcecode.swift; path = HomeViewController.swift; sourceTree = "<group>"; };
		059919A229EFD3E400940446 /* AssistantTableViewCell.swift */ = {isa = PBXFileReference; lastKnownFileType = sourcecode.swift; path = AssistantTableViewCell.swift; sourceTree = "<group>"; };
/* End PBXFileReference section */

/* Begin PBXFrameworksBuildPhase section */
		0599197C29EF8E4E00940446 /* Frameworks */ = {
			isa = PBXFrameworksBuildPhase;
			buildActionMask = 2147483647;
			files = (
			);
			runOnlyForDeploymentPostprocessing = 0;
		};
/* End PBXFrameworksBuildPhase section */

/* Begin PBXGroup section */
		0599197629EF8E4E00940446 = {
			isa = PBXGroup;
			children = (
				0599198129EF8E4E00940446 /* iosTrainingGL */,
				0599198029EF8E4E00940446 /* Products */,
			);
			sourceTree = "<group>";
		};
		0599198029EF8E4E00940446 /* Products */ = {
			isa = PBXGroup;
			children = (
				0599197F29EF8E4E00940446 /* iosTrainingGL.app */,
			);
			name = Products;
			sourceTree = "<group>";
		};
		0599198129EF8E4E00940446 /* iosTrainingGL */ = {
			isa = PBXGroup;
			children = (
				0599199929EF903B00940446 /* ViewControllers */,
				0599198229EF8E4E00940446 /* AppDelegate.swift */,
				0599198429EF8E4E00940446 /* SceneDelegate.swift */,
				0599198629EF8E4E00940446 /* ViewController.swift */,
				0599198829EF8E4E00940446 /* Main.storyboard */,
				0599198E29EF8E5000940446 /* Assets.xcassets */,
				0599199029EF8E5000940446 /* LaunchScreen.storyboard */,
				0599199329EF8E5000940446 /* Info.plist */,
				0599198B29EF8E4E00940446 /* iosTrainingGL.xcdatamodeld */,
			);
			path = iosTrainingGL;
			sourceTree = "<group>";
		};
		0599199929EF903B00940446 /* ViewControllers */ = {
			isa = PBXGroup;
			children = (
				0599199A29EFA04400940446 /* LoginViewController.swift */,
				0599199E29EFA14400940446 /* RegisterViewController.swift */,
				059919A029EFD04300940446 /* HomeViewController.swift */,
				059919A229EFD3E400940446 /* AssistantTableViewCell.swift */,
			);
			path = ViewControllers;
			sourceTree = "<group>";
		};
/* End PBXGroup section */

/* Begin PBXNativeTarget section */
		0599197E29EF8E4E00940446 /* iosTrainingGL */ = {
			isa = PBXNativeTarget;
			buildConfigurationList = 0599199629EF8E5000940446 /* Build configuration list for PBXNativeTarget "iosTrainingGL" */;
			buildPhases = (
				0599197B29EF8E4E00940446 /* Sources */,
				0599197C29EF8E4E00940446 /* Frameworks */,
				0599197D29EF8E4E00940446 /* Resources */,
			);
			buildRules = (
			);
			dependencies = (
			);
			name = iosTrainingGL;
			productName = iosTrainingGL;
			productReference = 0599197F29EF8E4E00940446 /* iosTrainingGL.app */;
			productType = "com.apple.product-type.application";
		};
/* End PBXNativeTarget section */

/* Begin PBXProject section */
		0599197729EF8E4E00940446 /* Project object */ = {
			isa = PBXProject;
			attributes = {
				BuildIndependentTargetsInParallel = 1;
				LastSwiftUpdateCheck = 1400;
				LastUpgradeCheck = 1400;
				TargetAttributes = {
					0599197E29EF8E4E00940446 = {
						CreatedOnToolsVersion = 14.0.1;
					};
				};
			};
			buildConfigurationList = 0599197A29EF8E4E00940446 /* Build configuration list for PBXProject "iosTrainingGL" */;
			compatibilityVersion = "Xcode 14.0";
			developmentRegion = en;
			hasScannedForEncodings = 0;
			knownRegions = (
				en,
				Base,
			);
			mainGroup = 0599197629EF8E4E00940446;
			productRefGroup = 0599198029EF8E4E00940446 /* Products */;
			projectDirPath = "";
			projectRoot = "";
			targets = (
				0599197E29EF8E4E00940446 /* iosTrainingGL */,
			);
		};
/* End PBXProject section */

/* Begin PBXResourcesBuildPhase section */
		0599197D29EF8E4E00940446 /* Resources */ = {
			isa = PBXResourcesBuildPhase;
			buildActionMask = 2147483647;
			files = (
				0599199229EF8E5000940446 /* LaunchScreen.storyboard in Resources */,
				0599198F29EF8E5000940446 /* Assets.xcassets in Resources */,
				0599198A29EF8E4E00940446 /* Main.storyboard in Resources */,
			);
			runOnlyForDeploymentPostprocessing = 0;
		};
/* End PBXResourcesBuildPhase section */

/* Begin PBXSourcesBuildPhase section */
		0599197B29EF8E4E00940446 /* Sources */ = {
			isa = PBXSourcesBuildPhase;
			buildActionMask = 2147483647;
			files = (
				0599198D29EF8E4E00940446 /* iosTrainingGL.xcdatamodeld in Sources */,
				0599198729EF8E4E00940446 /* ViewController.swift in Sources */,
				0599198329EF8E4E00940446 /* AppDelegate.swift in Sources */,
				0599199F29EFA14400940446 /* RegisterViewController.swift in Sources */,
				059919A329EFD3E400940446 /* AssistantTableViewCell.swift in Sources */,
				0599199B29EFA04400940446 /* LoginViewController.swift in Sources */,
				059919A129EFD04300940446 /* HomeViewController.swift in Sources */,
				0599198529EF8E4E00940446 /* SceneDelegate.swift in Sources */,
			);
			runOnlyForDeploymentPostprocessing = 0;
		};
/* End PBXSourcesBuildPhase section */

/* Begin PBXVariantGroup section */
		0599198829EF8E4E00940446 /* Main.storyboard */ = {
			isa = PBXVariantGroup;
			children = (
				0599198929EF8E4E00940446 /* Base */,
			);
			name = Main.storyboard;
			sourceTree = "<group>";
		};
		0599199029EF8E5000940446 /* LaunchScreen.storyboard */ = {
			isa = PBXVariantGroup;
			children = (
				0599199129EF8E5000940446 /* Base */,
			);
			name = LaunchScreen.storyboard;
			sourceTree = "<group>";
		};
/* End PBXVariantGroup section */

/* Begin XCBuildConfiguration section */
		0599199429EF8E5000940446 /* Debug */ = {
			isa = XCBuildConfiguration;
			buildSettings = {
				ALWAYS_SEARCH_USER_PATHS = NO;
				CLANG_ANALYZER_NONNULL = YES;
				CLANG_ANALYZER_NUMBER_OBJECT_CONVERSION = YES_AGGRESSIVE;
				CLANG_CXX_LANGUAGE_STANDARD = "gnu++20";
				CLANG_ENABLE_MODULES = YES;
				CLANG_ENABLE_OBJC_ARC = YES;
				CLANG_ENABLE_OBJC_WEAK = YES;
				CLANG_WARN_BLOCK_CAPTURE_AUTORELEASING = YES;
				CLANG_WARN_BOOL_CONVERSION = YES;
				CLANG_WARN_COMMA = YES;
				CLANG_WARN_CONSTANT_CONVERSION = YES;
				CLANG_WARN_DEPRECATED_OBJC_IMPLEMENTATIONS = YES;
				CLANG_WARN_DIRECT_OBJC_ISA_USAGE = YES_ERROR;
				CLANG_WARN_DOCUMENTATION_COMMENTS = YES;
				CLANG_WARN_EMPTY_BODY = YES;
				CLANG_WARN_ENUM_CONVERSION = YES;
				CLANG_WARN_INFINITE_RECURSION = YES;
				CLANG_WARN_INT_CONVERSION = YES;
				CLANG_WARN_NON_LITERAL_NULL_CONVERSION = YES;
				CLANG_WARN_OBJC_IMPLICIT_RETAIN_SELF = YES;
				CLANG_WARN_OBJC_LITERAL_CONVERSION = YES;
				CLANG_WARN_OBJC_ROOT_CLASS = YES_ERROR;
				CLANG_WARN_QUOTED_INCLUDE_IN_FRAMEWORK_HEADER = YES;
				CLANG_WARN_RANGE_LOOP_ANALYSIS = YES;
				CLANG_WARN_STRICT_PROTOTYPES = YES;
				CLANG_WARN_SUSPICIOUS_MOVE = YES;
				CLANG_WARN_UNGUARDED_AVAILABILITY = YES_AGGRESSIVE;
				CLANG_WARN_UNREACHABLE_CODE = YES;
				CLANG_WARN__DUPLICATE_METHOD_MATCH = YES;
				COPY_PHASE_STRIP = NO;
				DEBUG_INFORMATION_FORMAT = dwarf;
				ENABLE_STRICT_OBJC_MSGSEND = YES;
				ENABLE_TESTABILITY = YES;
				GCC_C_LANGUAGE_STANDARD = gnu11;
				GCC_DYNAMIC_NO_PIC = NO;
				GCC_NO_COMMON_BLOCKS = YES;
				GCC_OPTIMIZATION_LEVEL = 0;
				GCC_PREPROCESSOR_DEFINITIONS = (
					"DEBUG=1",
					"$(inherited)",
				);
				GCC_WARN_64_TO_32_BIT_CONVERSION = YES;
				GCC_WARN_ABOUT_RETURN_TYPE = YES_ERROR;
				GCC_WARN_UNDECLARED_SELECTOR = YES;
				GCC_WARN_UNINITIALIZED_AUTOS = YES_AGGRESSIVE;
				GCC_WARN_UNUSED_FUNCTION = YES;
				GCC_WARN_UNUSED_VARIABLE = YES;
				IPHONEOS_DEPLOYMENT_TARGET = 16.0;
				MTL_ENABLE_DEBUG_INFO = INCLUDE_SOURCE;
				MTL_FAST_MATH = YES;
				ONLY_ACTIVE_ARCH = YES;
				SDKROOT = iphoneos;
				SWIFT_ACTIVE_COMPILATION_CONDITIONS = DEBUG;
				SWIFT_OPTIMIZATION_LEVEL = "-Onone";
			};
			name = Debug;
		};
		0599199529EF8E5000940446 /* Release */ = {
			isa = XCBuildConfiguration;
			buildSettings = {
				ALWAYS_SEARCH_USER_PATHS = NO;
				CLANG_ANALYZER_NONNULL = YES;
				CLANG_ANALYZER_NUMBER_OBJECT_CONVERSION = YES_AGGRESSIVE;
				CLANG_CXX_LANGUAGE_STANDARD = "gnu++20";
				CLANG_ENABLE_MODULES = YES;
				CLANG_ENABLE_OBJC_ARC = YES;
				CLANG_ENABLE_OBJC_WEAK = YES;
				CLANG_WARN_BLOCK_CAPTURE_AUTORELEASING = YES;
				CLANG_WARN_BOOL_CONVERSION = YES;
				CLANG_WARN_COMMA = YES;
				CLANG_WARN_CONSTANT_CONVERSION = YES;
				CLANG_WARN_DEPRECATED_OBJC_IMPLEMENTATIONS = YES;
				CLANG_WARN_DIRECT_OBJC_ISA_USAGE = YES_ERROR;
				CLANG_WARN_DOCUMENTATION_COMMENTS = YES;
				CLANG_WARN_EMPTY_BODY = YES;
				CLANG_WARN_ENUM_CONVERSION = YES;
				CLANG_WARN_INFINITE_RECURSION = YES;
				CLANG_WARN_INT_CONVERSION = YES;
				CLANG_WARN_NON_LITERAL_NULL_CONVERSION = YES;
				CLANG_WARN_OBJC_IMPLICIT_RETAIN_SELF = YES;
				CLANG_WARN_OBJC_LITERAL_CONVERSION = YES;
				CLANG_WARN_OBJC_ROOT_CLASS = YES_ERROR;
				CLANG_WARN_QUOTED_INCLUDE_IN_FRAMEWORK_HEADER = YES;
				CLANG_WARN_RANGE_LOOP_ANALYSIS = YES;
				CLANG_WARN_STRICT_PROTOTYPES = YES;
				CLANG_WARN_SUSPICIOUS_MOVE = YES;
				CLANG_WARN_UNGUARDED_AVAILABILITY = YES_AGGRESSIVE;
				CLANG_WARN_UNREACHABLE_CODE = YES;
				CLANG_WARN__DUPLICATE_METHOD_MATCH = YES;
				COPY_PHASE_STRIP = NO;
				DEBUG_INFORMATION_FORMAT = "dwarf-with-dsym";
				ENABLE_NS_ASSERTIONS = NO;
				ENABLE_STRICT_OBJC_MSGSEND = YES;
				GCC_C_LANGUAGE_STANDARD = gnu11;
				GCC_NO_COMMON_BLOCKS = YES;
				GCC_WARN_64_TO_32_BIT_CONVERSION = YES;
				GCC_WARN_ABOUT_RETURN_TYPE = YES_ERROR;
				GCC_WARN_UNDECLARED_SELECTOR = YES;
				GCC_WARN_UNINITIALIZED_AUTOS = YES_AGGRESSIVE;
				GCC_WARN_UNUSED_FUNCTION = YES;
				GCC_WARN_UNUSED_VARIABLE = YES;
				IPHONEOS_DEPLOYMENT_TARGET = 16.0;
				MTL_ENABLE_DEBUG_INFO = NO;
				MTL_FAST_MATH = YES;
				SDKROOT = iphoneos;
				SWIFT_COMPILATION_MODE = wholemodule;
				SWIFT_OPTIMIZATION_LEVEL = "-O";
				VALIDATE_PRODUCT = YES;
			};
			name = Release;
		};
		0599199729EF8E5000940446 /* Debug */ = {
			isa = XCBuildConfiguration;
			buildSettings = {
				ASSETCATALOG_COMPILER_APPICON_NAME = AppIcon;
				ASSETCATALOG_COMPILER_GLOBAL_ACCENT_COLOR_NAME = AccentColor;
				CODE_SIGN_STYLE = Automatic;
				CURRENT_PROJECT_VERSION = 1;
				GENERATE_INFOPLIST_FILE = YES;
				INFOPLIST_FILE = iosTrainingGL/Info.plist;
				INFOPLIST_KEY_UIApplicationSupportsIndirectInputEvents = YES;
				INFOPLIST_KEY_UILaunchStoryboardName = LaunchScreen;
				INFOPLIST_KEY_UIMainStoryboardFile = Main;
				INFOPLIST_KEY_UISupportedInterfaceOrientations_iPad = "UIInterfaceOrientationPortrait UIInterfaceOrientationPortraitUpsideDown UIInterfaceOrientationLandscapeLeft UIInterfaceOrientationLandscapeRight";
				INFOPLIST_KEY_UISupportedInterfaceOrientations_iPhone = "UIInterfaceOrientationPortrait UIInterfaceOrientationLandscapeLeft UIInterfaceOrientationLandscapeRight";
				LD_RUNPATH_SEARCH_PATHS = (
					"$(inherited)",
					"@executable_path/Frameworks",
				);
				MARKETING_VERSION = 1.0;
				PRODUCT_BUNDLE_IDENTIFIER = binus.ios.iosTrainingGL;
				PRODUCT_NAME = "$(TARGET_NAME)";
				SWIFT_EMIT_LOC_STRINGS = YES;
				SWIFT_VERSION = 5.0;
				TARGETED_DEVICE_FAMILY = "1,2";
			};
			name = Debug;
		};
		0599199829EF8E5000940446 /* Release */ = {
			isa = XCBuildConfiguration;
			buildSettings = {
				ASSETCATALOG_COMPILER_APPICON_NAME = AppIcon;
				ASSETCATALOG_COMPILER_GLOBAL_ACCENT_COLOR_NAME = AccentColor;
				CODE_SIGN_STYLE = Automatic;
				CURRENT_PROJECT_VERSION = 1;
				GENERATE_INFOPLIST_FILE = YES;
				INFOPLIST_FILE = iosTrainingGL/Info.plist;
				INFOPLIST_KEY_UIApplicationSupportsIndirectInputEvents = YES;
				INFOPLIST_KEY_UILaunchStoryboardName = LaunchScreen;
				INFOPLIST_KEY_UIMainStoryboardFile = Main;
				INFOPLIST_KEY_UISupportedInterfaceOrientations_iPad = "UIInterfaceOrientationPortrait UIInterfaceOrientationPortraitUpsideDown UIInterfaceOrientationLandscapeLeft UIInterfaceOrientationLandscapeRight";
				INFOPLIST_KEY_UISupportedInterfaceOrientations_iPhone = "UIInterfaceOrientationPortrait UIInterfaceOrientationLandscapeLeft UIInterfaceOrientationLandscapeRight";
				LD_RUNPATH_SEARCH_PATHS = (
					"$(inherited)",
					"@executable_path/Frameworks",
				);
				MARKETING_VERSION = 1.0;
				PRODUCT_BUNDLE_IDENTIFIER = binus.ios.iosTrainingGL;
				PRODUCT_NAME = "$(TARGET_NAME)";
				SWIFT_EMIT_LOC_STRINGS = YES;
				SWIFT_VERSION = 5.0;
				TARGETED_DEVICE_FAMILY = "1,2";
			};
			name = Release;
		};
/* End XCBuildConfiguration section */

/* Begin XCConfigurationList section */
		0599197A29EF8E4E00940446 /* Build configuration list for PBXProject "iosTrainingGL" */ = {
			isa = XCConfigurationList;
			buildConfigurations = (
				0599199429EF8E5000940446 /* Debug */,
				0599199529EF8E5000940446 /* Release */,
			);
			defaultConfigurationIsVisible = 0;
			defaultConfigurationName = Release;
		};
		0599199629EF8E5000940446 /* Build configuration list for PBXNativeTarget "iosTrainingGL" */ = {
			isa = XCConfigurationList;
			buildConfigurations = (
				0599199729EF8E5000940446 /* Debug */,
				0599199829EF8E5000940446 /* Release */,
			);
			defaultConfigurationIsVisible = 0;
			defaultConfigurationName = Release;
		};
/* End XCConfigurationList section */

/* Begin XCVersionGroup section */
		0599198B29EF8E4E00940446 /* iosTrainingGL.xcdatamodeld */ = {
			isa = XCVersionGroup;
			children = (
				0599198C29EF8E4E00940446 /* iosTrainingGL.xcdatamodel */,
			);
			currentVersion = 0599198C29EF8E4E00940446 /* iosTrainingGL.xcdatamodel */;
			path = iosTrainingGL.xcdatamodeld;
			sourceTree = "<group>";
			versionGroupType = wrapper.xcdatamodel;
		};
/* End XCVersionGroup section */
	};
	rootObject = 0599197729EF8E4E00940446 /* Project object */;
}
